// !$*UTF8*$!
{
	archiveVersion = 1;
	classes = {
	};
	objectVersion = 46;
	objects = {

/* Begin PBXBuildFile section */
		92DC93F81D9F5E6400FE1E80 /* Main.storyboard in Resources */ = {isa = PBXBuildFile; fileRef = 92DC93F61D9F5E6400FE1E80 /* Main.storyboard */; };
		92DC93FD1D9F5E6400FE1E80 /* LaunchScreen.storyboard in Resources */ = {isa = PBXBuildFile; fileRef = 92DC93FB1D9F5E6400FE1E80 /* LaunchScreen.storyboard */; };
		92DC94081D9F5E6400FE1E80 /* DouYuTVTests.swift in Sources */ = {isa = PBXBuildFile; fileRef = 92DC94071D9F5E6400FE1E80 /* DouYuTVTests.swift */; };
		92DC94131D9F5E6400FE1E80 /* DouYuTVUITests.swift in Sources */ = {isa = PBXBuildFile; fileRef = 92DC94121D9F5E6400FE1E80 /* DouYuTVUITests.swift */; };
		92DC94211D9F61F500FE1E80 /* Assets.xcassets in Resources */ = {isa = PBXBuildFile; fileRef = 92DC94201D9F61F500FE1E80 /* Assets.xcassets */; };
		92DC944A1D9F6D0700FE1E80 /* AppDelegate.swift in Sources */ = {isa = PBXBuildFile; fileRef = 92DC942F1D9F6D0700FE1E80 /* AppDelegate.swift */; };
		92DC944B1D9F6D0700FE1E80 /* DYFollowViewController.swift in Sources */ = {isa = PBXBuildFile; fileRef = 92DC94321D9F6D0700FE1E80 /* DYFollowViewController.swift */; };
		92DC944C1D9F6D0700FE1E80 /* DYHomeViewController.swift in Sources */ = {isa = PBXBuildFile; fileRef = 92DC94371D9F6D0700FE1E80 /* DYHomeViewController.swift */; };
		92DC944D1D9F6D0700FE1E80 /* DYLiveViewController.swift in Sources */ = {isa = PBXBuildFile; fileRef = 92DC943C1D9F6D0700FE1E80 /* DYLiveViewController.swift */; };
		92DC944E1D9F6D0700FE1E80 /* DYNaivigationViewController.swift in Sources */ = {isa = PBXBuildFile; fileRef = 92DC94411D9F6D0700FE1E80 /* DYNaivigationViewController.swift */; };
		92DC944F1D9F6D0700FE1E80 /* MainViewController.swift in Sources */ = {isa = PBXBuildFile; fileRef = 92DC94421D9F6D0700FE1E80 /* MainViewController.swift */; };
		92DC94501D9F6D0700FE1E80 /* DYProfileViewController.swift in Sources */ = {isa = PBXBuildFile; fileRef = 92DC94471D9F6D0700FE1E80 /* DYProfileViewController.swift */; };
/* End PBXBuildFile section */

/* Begin PBXContainerItemProxy section */
		92DC94041D9F5E6400FE1E80 /* PBXContainerItemProxy */ = {
			isa = PBXContainerItemProxy;
			containerPortal = 92DC93E71D9F5E6400FE1E80 /* Project object */;
			proxyType = 1;
			remoteGlobalIDString = 92DC93EE1D9F5E6400FE1E80;
			remoteInfo = DouYuTV;
		};
		92DC940F1D9F5E6400FE1E80 /* PBXContainerItemProxy */ = {
			isa = PBXContainerItemProxy;
			containerPortal = 92DC93E71D9F5E6400FE1E80 /* Project object */;
			proxyType = 1;
			remoteGlobalIDString = 92DC93EE1D9F5E6400FE1E80;
			remoteInfo = DouYuTV;
		};
/* End PBXContainerItemProxy section */

/* Begin PBXFileReference section */
		92DC93EF1D9F5E6400FE1E80 /* DouYuTV.app */ = {isa = PBXFileReference; explicitFileType = wrapper.application; includeInIndex = 0; path = DouYuTV.app; sourceTree = BUILT_PRODUCTS_DIR; };
		92DC93F71D9F5E6400FE1E80 /* Base */ = {isa = PBXFileReference; lastKnownFileType = file.storyboard; name = Base; path = Base.lproj/Main.storyboard; sourceTree = "<group>"; };
		92DC93FC1D9F5E6400FE1E80 /* Base */ = {isa = PBXFileReference; lastKnownFileType = file.storyboard; name = Base; path = Base.lproj/LaunchScreen.storyboard; sourceTree = "<group>"; };
		92DC93FE1D9F5E6400FE1E80 /* Info.plist */ = {isa = PBXFileReference; lastKnownFileType = text.plist.xml; path = Info.plist; sourceTree = "<group>"; };
		92DC94031D9F5E6400FE1E80 /* DouYuTVTests.xctest */ = {isa = PBXFileReference; explicitFileType = wrapper.cfbundle; includeInIndex = 0; path = DouYuTVTests.xctest; sourceTree = BUILT_PRODUCTS_DIR; };
		92DC94071D9F5E6400FE1E80 /* DouYuTVTests.swift */ = {isa = PBXFileReference; lastKnownFileType = sourcecode.swift; path = DouYuTVTests.swift; sourceTree = "<group>"; };
		92DC94091D9F5E6400FE1E80 /* Info.plist */ = {isa = PBXFileReference; lastKnownFileType = text.plist.xml; path = Info.plist; sourceTree = "<group>"; };
		92DC940E1D9F5E6400FE1E80 /* DouYuTVUITests.xctest */ = {isa = PBXFileReference; explicitFileType = wrapper.cfbundle; includeInIndex = 0; path = DouYuTVUITests.xctest; sourceTree = BUILT_PRODUCTS_DIR; };
		92DC94121D9F5E6400FE1E80 /* DouYuTVUITests.swift */ = {isa = PBXFileReference; lastKnownFileType = sourcecode.swift; path = DouYuTVUITests.swift; sourceTree = "<group>"; };
		92DC94141D9F5E6400FE1E80 /* Info.plist */ = {isa = PBXFileReference; lastKnownFileType = text.plist.xml; path = Info.plist; sourceTree = "<group>"; };
		92DC94201D9F61F500FE1E80 /* Assets.xcassets */ = {isa = PBXFileReference; lastKnownFileType = folder.assetcatalog; path = Assets.xcassets; sourceTree = "<group>"; };
		92DC942F1D9F6D0700FE1E80 /* AppDelegate.swift */ = {isa = PBXFileReference; fileEncoding = 4; lastKnownFileType = sourcecode.swift; path = AppDelegate.swift; sourceTree = "<group>"; };
		92DC94321D9F6D0700FE1E80 /* DYFollowViewController.swift */ = {isa = PBXFileReference; fileEncoding = 4; lastKnownFileType = sourcecode.swift; path = DYFollowViewController.swift; sourceTree = "<group>"; };
		92DC94371D9F6D0700FE1E80 /* DYHomeViewController.swift */ = {isa = PBXFileReference; fileEncoding = 4; lastKnownFileType = sourcecode.swift; path = DYHomeViewController.swift; sourceTree = "<group>"; };
		92DC943C1D9F6D0700FE1E80 /* DYLiveViewController.swift */ = {isa = PBXFileReference; fileEncoding = 4; lastKnownFileType = sourcecode.swift; path = DYLiveViewController.swift; sourceTree = "<group>"; };
		92DC94411D9F6D0700FE1E80 /* DYNaivigationViewController.swift */ = {isa = PBXFileReference; fileEncoding = 4; lastKnownFileType = sourcecode.swift; path = DYNaivigationViewController.swift; sourceTree = "<group>"; };
		92DC94421D9F6D0700FE1E80 /* MainViewController.swift */ = {isa = PBXFileReference; fileEncoding = 4; lastKnownFileType = sourcecode.swift; path = MainViewController.swift; sourceTree = "<group>"; };
		92DC94471D9F6D0700FE1E80 /* DYProfileViewController.swift */ = {isa = PBXFileReference; fileEncoding = 4; lastKnownFileType = sourcecode.swift; path = DYProfileViewController.swift; sourceTree = "<group>"; };
/* End PBXFileReference section */

/* Begin PBXFrameworksBuildPhase section */
		92DC93EC1D9F5E6400FE1E80 /* Frameworks */ = {
			isa = PBXFrameworksBuildPhase;
			buildActionMask = 2147483647;
			files = (
			);
			runOnlyForDeploymentPostprocessing = 0;
		};
		92DC94001D9F5E6400FE1E80 /* Frameworks */ = {
			isa = PBXFrameworksBuildPhase;
			buildActionMask = 2147483647;
			files = (
			);
			runOnlyForDeploymentPostprocessing = 0;
		};
		92DC940B1D9F5E6400FE1E80 /* Frameworks */ = {
			isa = PBXFrameworksBuildPhase;
			buildActionMask = 2147483647;
			files = (
			);
			runOnlyForDeploymentPostprocessing = 0;
		};
/* End PBXFrameworksBuildPhase section */

/* Begin PBXGroup section */
		92DC93E61D9F5E6400FE1E80 = {
			isa = PBXGroup;
			children = (
				92DC93F11D9F5E6400FE1E80 /* DouYuTV */,
				92DC94061D9F5E6400FE1E80 /* DouYuTVTests */,
				92DC94111D9F5E6400FE1E80 /* DouYuTVUITests */,
				92DC93F01D9F5E6400FE1E80 /* Products */,
			);
			sourceTree = "<group>";
		};
		92DC93F01D9F5E6400FE1E80 /* Products */ = {
			isa = PBXGroup;
			children = (
				92DC93EF1D9F5E6400FE1E80 /* DouYuTV.app */,
				92DC94031D9F5E6400FE1E80 /* DouYuTVTests.xctest */,
				92DC940E1D9F5E6400FE1E80 /* DouYuTVUITests.xctest */,
			);
			name = Products;
			sourceTree = "<group>";
		};
		92DC93F11D9F5E6400FE1E80 /* DouYuTV */ = {
			isa = PBXGroup;
			children = (
				92DC942E1D9F6D0700FE1E80 /* Classes */,
				92DC93F61D9F5E6400FE1E80 /* Main.storyboard */,
				92DC93FB1D9F5E6400FE1E80 /* LaunchScreen.storyboard */,
				92DC93FE1D9F5E6400FE1E80 /* Info.plist */,
				92DC94201D9F61F500FE1E80 /* Assets.xcassets */,
			);
			path = DouYuTV;
			sourceTree = "<group>";
		};
		92DC94061D9F5E6400FE1E80 /* DouYuTVTests */ = {
			isa = PBXGroup;
			children = (
				92DC94071D9F5E6400FE1E80 /* DouYuTVTests.swift */,
				92DC94091D9F5E6400FE1E80 /* Info.plist */,
			);
			path = DouYuTVTests;
			sourceTree = "<group>";
		};
		92DC94111D9F5E6400FE1E80 /* DouYuTVUITests */ = {
			isa = PBXGroup;
			children = (
				92DC94121D9F5E6400FE1E80 /* DouYuTVUITests.swift */,
				92DC94141D9F5E6400FE1E80 /* Info.plist */,
			);
			path = DouYuTVUITests;
			sourceTree = "<group>";
		};
		92DC942E1D9F6D0700FE1E80 /* Classes */ = {
			isa = PBXGroup;
			children = (
				92DC942F1D9F6D0700FE1E80 /* AppDelegate.swift */,
				92DC94301D9F6D0700FE1E80 /* Follow */,
				92DC94351D9F6D0700FE1E80 /* Home */,
				92DC943A1D9F6D0700FE1E80 /* Live */,
				92DC943F1D9F6D0700FE1E80 /* Main */,
				92DC94451D9F6D0700FE1E80 /* Profile */,
			);
			path = Classes;
			sourceTree = "<group>";
		};
		92DC94301D9F6D0700FE1E80 /* Follow */ = {
			isa = PBXGroup;
			children = (
				92DC94311D9F6D0700FE1E80 /* Controller */,
				92DC94331D9F6D0700FE1E80 /* Model */,
				92DC94341D9F6D0700FE1E80 /* View */,
			);
			path = Follow;
			sourceTree = "<group>";
		};
		92DC94311D9F6D0700FE1E80 /* Controller */ = {
			isa = PBXGroup;
			children = (
				92DC94321D9F6D0700FE1E80 /* DYFollowViewController.swift */,
			);
			path = Controller;
			sourceTree = "<group>";
		};
		92DC94331D9F6D0700FE1E80 /* Model */ = {
			isa = PBXGroup;
			children = (
			);
			path = Model;
			sourceTree = "<group>";
		};
		92DC94341D9F6D0700FE1E80 /* View */ = {
			isa = PBXGroup;
			children = (
			);
			path = View;
			sourceTree = "<group>";
		};
		92DC94351D9F6D0700FE1E80 /* Home */ = {
			isa = PBXGroup;
			children = (
				92DC94361D9F6D0700FE1E80 /* Controller */,
				92DC94381D9F6D0700FE1E80 /* Model */,
				92DC94391D9F6D0700FE1E80 /* View */,
			);
			path = Home;
			sourceTree = "<group>";
		};
		92DC94361D9F6D0700FE1E80 /* Controller */ = {
			isa = PBXGroup;
			children = (
				92DC94371D9F6D0700FE1E80 /* DYHomeViewController.swift */,
			);
			path = Controller;
			sourceTree = "<group>";
		};
		92DC94381D9F6D0700FE1E80 /* Model */ = {
			isa = PBXGroup;
			children = (
			);
			path = Model;
			sourceTree = "<group>";
		};
		92DC94391D9F6D0700FE1E80 /* View */ = {
			isa = PBXGroup;
			children = (
			);
			path = View;
			sourceTree = "<group>";
		};
		92DC943A1D9F6D0700FE1E80 /* Live */ = {
			isa = PBXGroup;
			children = (
				92DC943B1D9F6D0700FE1E80 /* Controller */,
				92DC943D1D9F6D0700FE1E80 /* Model */,
				92DC943E1D9F6D0700FE1E80 /* View */,
			);
			path = Live;
			sourceTree = "<group>";
		};
		92DC943B1D9F6D0700FE1E80 /* Controller */ = {
			isa = PBXGroup;
			children = (
				92DC943C1D9F6D0700FE1E80 /* DYLiveViewController.swift */,
			);
			path = Controller;
			sourceTree = "<group>";
		};
		92DC943D1D9F6D0700FE1E80 /* Model */ = {
			isa = PBXGroup;
			children = (
			);
			path = Model;
			sourceTree = "<group>";
		};
		92DC943E1D9F6D0700FE1E80 /* View */ = {
			isa = PBXGroup;
			children = (
			);
			path = View;
			sourceTree = "<group>";
		};
		92DC943F1D9F6D0700FE1E80 /* Main */ = {
			isa = PBXGroup;
			children = (
				92DC94401D9F6D0700FE1E80 /* Controller */,
				92DC94431D9F6D0700FE1E80 /* Model */,
				92DC94441D9F6D0700FE1E80 /* View */,
			);
			path = Main;
			sourceTree = "<group>";
		};
		92DC94401D9F6D0700FE1E80 /* Controller */ = {
			isa = PBXGroup;
			children = (
				92DC94411D9F6D0700FE1E80 /* DYNaivigationViewController.swift */,
				92DC94421D9F6D0700FE1E80 /* MainViewController.swift */,
			);
			path = Controller;
			sourceTree = "<group>";
		};
		92DC94431D9F6D0700FE1E80 /* Model */ = {
			isa = PBXGroup;
			children = (
			);
			path = Model;
			sourceTree = "<group>";
		};
		92DC94441D9F6D0700FE1E80 /* View */ = {
			isa = PBXGroup;
			children = (
			);
			path = View;
			sourceTree = "<group>";
		};
		92DC94451D9F6D0700FE1E80 /* Profile */ = {
			isa = PBXGroup;
			children = (
				92DC94461D9F6D0700FE1E80 /* Controller */,
				92DC94481D9F6D0700FE1E80 /* Model */,
				92DC94491D9F6D0700FE1E80 /* View */,
			);
			path = Profile;
			sourceTree = "<group>";
		};
		92DC94461D9F6D0700FE1E80 /* Controller */ = {
			isa = PBXGroup;
			children = (
				92DC94471D9F6D0700FE1E80 /* DYProfileViewController.swift */,
			);
			path = Controller;
			sourceTree = "<group>";
		};
		92DC94481D9F6D0700FE1E80 /* Model */ = {
			isa = PBXGroup;
			children = (
			);
			path = Model;
			sourceTree = "<group>";
		};
		92DC94491D9F6D0700FE1E80 /* View */ = {
			isa = PBXGroup;
			children = (
			);
			path = View;
			sourceTree = "<group>";
		};
/* End PBXGroup section */

/* Begin PBXNativeTarget section */
		92DC93EE1D9F5E6400FE1E80 /* DouYuTV */ = {
			isa = PBXNativeTarget;
			buildConfigurationList = 92DC94171D9F5E6400FE1E80 /* Build configuration list for PBXNativeTarget "DouYuTV" */;
			buildPhases = (
				92DC93EB1D9F5E6400FE1E80 /* Sources */,
				92DC93EC1D9F5E6400FE1E80 /* Frameworks */,
				92DC93ED1D9F5E6400FE1E80 /* Resources */,
			);
			buildRules = (
			);
			dependencies = (
			);
			name = DouYuTV;
			productName = DouYuTV;
			productReference = 92DC93EF1D9F5E6400FE1E80 /* DouYuTV.app */;
			productType = "com.apple.product-type.application";
		};
		92DC94021D9F5E6400FE1E80 /* DouYuTVTests */ = {
			isa = PBXNativeTarget;
			buildConfigurationList = 92DC941A1D9F5E6400FE1E80 /* Build configuration list for PBXNativeTarget "DouYuTVTests" */;
			buildPhases = (
				92DC93FF1D9F5E6400FE1E80 /* Sources */,
				92DC94001D9F5E6400FE1E80 /* Frameworks */,
				92DC94011D9F5E6400FE1E80 /* Resources */,
			);
			buildRules = (
			);
			dependencies = (
				92DC94051D9F5E6400FE1E80 /* PBXTargetDependency */,
			);
			name = DouYuTVTests;
			productName = DouYuTVTests;
			productReference = 92DC94031D9F5E6400FE1E80 /* DouYuTVTests.xctest */;
			productType = "com.apple.product-type.bundle.unit-test";
		};
		92DC940D1D9F5E6400FE1E80 /* DouYuTVUITests */ = {
			isa = PBXNativeTarget;
			buildConfigurationList = 92DC941D1D9F5E6400FE1E80 /* Build configuration list for PBXNativeTarget "DouYuTVUITests" */;
			buildPhases = (
				92DC940A1D9F5E6400FE1E80 /* Sources */,
				92DC940B1D9F5E6400FE1E80 /* Frameworks */,
				92DC940C1D9F5E6400FE1E80 /* Resources */,
			);
			buildRules = (
			);
			dependencies = (
				92DC94101D9F5E6400FE1E80 /* PBXTargetDependency */,
			);
			name = DouYuTVUITests;
			productName = DouYuTVUITests;
			productReference = 92DC940E1D9F5E6400FE1E80 /* DouYuTVUITests.xctest */;
			productType = "com.apple.product-type.bundle.ui-testing";
		};
/* End PBXNativeTarget section */

/* Begin PBXProject section */
		92DC93E71D9F5E6400FE1E80 /* Project object */ = {
			isa = PBXProject;
			attributes = {
				CLASSPREFIX = DY;
				LastSwiftUpdateCheck = 0730;
				LastUpgradeCheck = 0730;
				ORGANIZATIONNAME = Esirnus;
				TargetAttributes = {
					92DC93EE1D9F5E6400FE1E80 = {
						CreatedOnToolsVersion = 7.3.1;
					};
					92DC94021D9F5E6400FE1E80 = {
						CreatedOnToolsVersion = 7.3.1;
						TestTargetID = 92DC93EE1D9F5E6400FE1E80;
					};
					92DC940D1D9F5E6400FE1E80 = {
						CreatedOnToolsVersion = 7.3.1;
						TestTargetID = 92DC93EE1D9F5E6400FE1E80;
					};
				};
			};
			buildConfigurationList = 92DC93EA1D9F5E6400FE1E80 /* Build configuration list for PBXProject "DouYuTV" */;
			compatibilityVersion = "Xcode 3.2";
			developmentRegion = English;
			hasScannedForEncodings = 0;
			knownRegions = (
				en,
				Base,
			);
			mainGroup = 92DC93E61D9F5E6400FE1E80;
			productRefGroup = 92DC93F01D9F5E6400FE1E80 /* Products */;
			projectDirPath = "";
			projectRoot = "";
			targets = (
				92DC93EE1D9F5E6400FE1E80 /* DouYuTV */,
				92DC94021D9F5E6400FE1E80 /* DouYuTVTests */,
				92DC940D1D9F5E6400FE1E80 /* DouYuTVUITests */,
			);
		};
/* End PBXProject section */

/* Begin PBXResourcesBuildPhase section */
		92DC93ED1D9F5E6400FE1E80 /* Resources */ = {
			isa = PBXResourcesBuildPhase;
			buildActionMask = 2147483647;
			files = (
				92DC93FD1D9F5E6400FE1E80 /* LaunchScreen.storyboard in Resources */,
				92DC94211D9F61F500FE1E80 /* Assets.xcassets in Resources */,
				92DC93F81D9F5E6400FE1E80 /* Main.storyboard in Resources */,
			);
			runOnlyForDeploymentPostprocessing = 0;
		};
		92DC94011D9F5E6400FE1E80 /* Resources */ = {
			isa = PBXResourcesBuildPhase;
			buildActionMask = 2147483647;
			files = (
			);
			runOnlyForDeploymentPostprocessing = 0;
		};
		92DC940C1D9F5E6400FE1E80 /* Resources */ = {
			isa = PBXResourcesBuildPhase;
			buildActionMask = 2147483647;
			files = (
			);
			runOnlyForDeploymentPostprocessing = 0;
		};
/* End PBXResourcesBuildPhase section */

/* Begin PBXSourcesBuildPhase section */
		92DC93EB1D9F5E6400FE1E80 /* Sources */ = {
			isa = PBXSourcesBuildPhase;
			buildActionMask = 2147483647;
			files = (
				92DC94501D9F6D0700FE1E80 /* DYProfileViewController.swift in Sources */,
				92DC944A1D9F6D0700FE1E80 /* AppDelegate.swift in Sources */,
				92DC944C1D9F6D0700FE1E80 /* DYHomeViewController.swift in Sources */,
				92DC944E1D9F6D0700FE1E80 /* DYNaivigationViewController.swift in Sources */,
				92DC944F1D9F6D0700FE1E80 /* MainViewController.swift in Sources */,
				92DC944D1D9F6D0700FE1E80 /* DYLiveViewController.swift in Sources */,
				92DC944B1D9F6D0700FE1E80 /* DYFollowViewController.swift in Sources */,
			);
			runOnlyForDeploymentPostprocessing = 0;
		};
		92DC93FF1D9F5E6400FE1E80 /* Sources */ = {
			isa = PBXSourcesBuildPhase;
			buildActionMask = 2147483647;
			files = (
				92DC94081D9F5E6400FE1E80 /* DouYuTVTests.swift in Sources */,
			);
			runOnlyForDeploymentPostprocessing = 0;
		};
		92DC940A1D9F5E6400FE1E80 /* Sources */ = {
			isa = PBXSourcesBuildPhase;
			buildActionMask = 2147483647;
			files = (
				92DC94131D9F5E6400FE1E80 /* DouYuTVUITests.swift in Sources */,
			);
			runOnlyForDeploymentPostprocessing = 0;
		};
/* End PBXSourcesBuildPhase section */

/* Begin PBXTargetDependency section */
		92DC94051D9F5E6400FE1E80 /* PBXTargetDependency */ = {
			isa = PBXTargetDependency;
			target = 92DC93EE1D9F5E6400FE1E80 /* DouYuTV */;
			targetProxy = 92DC94041D9F5E6400FE1E80 /* PBXContainerItemProxy */;
		};
		92DC94101D9F5E6400FE1E80 /* PBXTargetDependency */ = {
			isa = PBXTargetDependency;
			target = 92DC93EE1D9F5E6400FE1E80 /* DouYuTV */;
			targetProxy = 92DC940F1D9F5E6400FE1E80 /* PBXContainerItemProxy */;
		};
/* End PBXTargetDependency section */

/* Begin PBXVariantGroup section */
		92DC93F61D9F5E6400FE1E80 /* Main.storyboard */ = {
			isa = PBXVariantGroup;
			children = (
				92DC93F71D9F5E6400FE1E80 /* Base */,
			);
			name = Main.storyboard;
			sourceTree = "<group>";
		};
		92DC93FB1D9F5E6400FE1E80 /* LaunchScreen.storyboard */ = {
			isa = PBXVariantGroup;
			children = (
				92DC93FC1D9F5E6400FE1E80 /* Base */,
			);
			name = LaunchScreen.storyboard;
			sourceTree = "<group>";
		};
/* End PBXVariantGroup section */

/* Begin XCBuildConfiguration section */
		92DC94151D9F5E6400FE1E80 /* Debug */ = {
			isa = XCBuildConfiguration;
			buildSettings = {
				ALWAYS_SEARCH_USER_PATHS = NO;
				CLANG_ANALYZER_NONNULL = YES;
				CLANG_CXX_LANGUAGE_STANDARD = "gnu++0x";
				CLANG_CXX_LIBRARY = "libc++";
				CLANG_ENABLE_MODULES = YES;
				CLANG_ENABLE_OBJC_ARC = YES;
				CLANG_WARN_BOOL_CONVERSION = YES;
				CLANG_WARN_CONSTANT_CONVERSION = YES;
				CLANG_WARN_DIRECT_OBJC_ISA_USAGE = YES_ERROR;
				CLANG_WARN_EMPTY_BODY = YES;
				CLANG_WARN_ENUM_CONVERSION = YES;
				CLANG_WARN_INT_CONVERSION = YES;
				CLANG_WARN_OBJC_ROOT_CLASS = YES_ERROR;
				CLANG_WARN_UNREACHABLE_CODE = YES;
				CLANG_WARN__DUPLICATE_METHOD_MATCH = YES;
				"CODE_SIGN_IDENTITY[sdk=iphoneos*]" = "iPhone Developer";
				COPY_PHASE_STRIP = NO;
				DEBUG_INFORMATION_FORMAT = dwarf;
				ENABLE_STRICT_OBJC_MSGSEND = YES;
				ENABLE_TESTABILITY = YES;
				GCC_C_LANGUAGE_STANDARD = gnu99;
				GCC_DYNAMIC_NO_PIC = NO;
				GCC_NO_COMMON_BLOCKS = YES;
				GCC_OPTIMIZATION_LEVEL = 0;
				GCC_PREPROCESSOR_DEFINITIONS = (
					"DEBUG=1",
					"$(inherited)",
				);
				GCC_WARN_64_TO_32_BIT_CONVERSION = YES;
				GCC_WARN_ABOUT_RETURN_TYPE = YES_ERROR;
				GCC_WARN_UNDECLARED_SELECTOR = YES;
				GCC_WARN_UNINITIALIZED_AUTOS = YES_AGGRESSIVE;
				GCC_WARN_UNUSED_FUNCTION = YES;
				GCC_WARN_UNUSED_VARIABLE = YES;
				IPHONEOS_DEPLOYMENT_TARGET = 9.3;
				MTL_ENABLE_DEBUG_INFO = YES;
				ONLY_ACTIVE_ARCH = YES;
				SDKROOT = iphoneos;
				SWIFT_OPTIMIZATION_LEVEL = "-Onone";
			};
			name = Debug;
		};
		92DC94161D9F5E6400FE1E80 /* Release */ = {
			isa = XCBuildConfiguration;
			buildSettings = {
				ALWAYS_SEARCH_USER_PATHS = NO;
				CLANG_ANALYZER_NONNULL = YES;
				CLANG_CXX_LANGUAGE_STANDARD = "gnu++0x";
				CLANG_CXX_LIBRARY = "libc++";
				CLANG_ENABLE_MODULES = YES;
				CLANG_ENABLE_OBJC_ARC = YES;
				CLANG_WARN_BOOL_CONVERSION = YES;
				CLANG_WARN_CONSTANT_CONVERSION = YES;
				CLANG_WARN_DIRECT_OBJC_ISA_USAGE = YES_ERROR;
				CLANG_WARN_EMPTY_BODY = YES;
				CLANG_WARN_ENUM_CONVERSION = YES;
				CLANG_WARN_INT_CONVERSION = YES;
				CLANG_WARN_OBJC_ROOT_CLASS = YES_ERROR;
				CLANG_WARN_UNREACHABLE_CODE = YES;
				CLANG_WARN__DUPLICATE_METHOD_MATCH = YES;
				"CODE_SIGN_IDENTITY[sdk=iphoneos*]" = "iPhone Developer";
				COPY_PHASE_STRIP = NO;
				DEBUG_INFORMATION_FORMAT = "dwarf-with-dsym";
				ENABLE_NS_ASSERTIONS = NO;
				ENABLE_STRICT_OBJC_MSGSEND = YES;
				GCC_C_LANGUAGE_STANDARD = gnu99;
				GCC_NO_COMMON_BLOCKS = YES;
				GCC_WARN_64_TO_32_BIT_CONVERSION = YES;
				GCC_WARN_ABOUT_RETURN_TYPE = YES_ERROR;
				GCC_WARN_UNDECLARED_SELECTOR = YES;
				GCC_WARN_UNINITIALIZED_AUTOS = YES_AGGRESSIVE;
				GCC_WARN_UNUSED_FUNCTION = YES;
				GCC_WARN_UNUSED_VARIABLE = YES;
				IPHONEOS_DEPLOYMENT_TARGET = 9.3;
				MTL_ENABLE_DEBUG_INFO = NO;
				SDKROOT = iphoneos;
				VALIDATE_PRODUCT = YES;
			};
			name = Release;
		};
		92DC94181D9F5E6400FE1E80 /* Debug */ = {
			isa = XCBuildConfiguration;
			buildSettings = {
				ASSETCATALOG_COMPILER_APPICON_NAME = AppIcon;
				ASSETCATALOG_COMPILER_LAUNCHIMAGE_NAME = "Brand Assets";
				INFOPLIST_FILE = DouYuTV/Info.plist;
				IPHONEOS_DEPLOYMENT_TARGET = 8.0;
				LD_RUNPATH_SEARCH_PATHS = "$(inherited) @executable_path/Frameworks";
				PRODUCT_BUNDLE_IDENTIFIER = cn.egren.DouYuTV;
				PRODUCT_NAME = "$(TARGET_NAME)";
			};
			name = Debug;
		};
		92DC94191D9F5E6400FE1E80 /* Release */ = {
			isa = XCBuildConfiguration;
			buildSettings = {
				ASSETCATALOG_COMPILER_APPICON_NAME = AppIcon;
				ASSETCATALOG_COMPILER_LAUNCHIMAGE_NAME = "Brand Assets";
				INFOPLIST_FILE = DouYuTV/Info.plist;
				IPHONEOS_DEPLOYMENT_TARGET = 8.0;
				LD_RUNPATH_SEARCH_PATHS = "$(inherited) @executable_path/Frameworks";
				PRODUCT_BUNDLE_IDENTIFIER = cn.egren.DouYuTV;
				PRODUCT_NAME = "$(TARGET_NAME)";
			};
			name = Release;
		};
		92DC941B1D9F5E6400FE1E80 /* Debug */ = {
			isa = XCBuildConfiguration;
			buildSettings = {
				BUNDLE_LOADER = "$(TEST_HOST)";
				INFOPLIST_FILE = DouYuTVTests/Info.plist;
				LD_RUNPATH_SEARCH_PATHS = "$(inherited) @executable_path/Frameworks @loader_path/Frameworks";
				PRODUCT_BUNDLE_IDENTIFIER = cn.egren.DouYuTVTests;
				PRODUCT_NAME = "$(TARGET_NAME)";
				TEST_HOST = "$(BUILT_PRODUCTS_DIR)/DouYuTV.app/DouYuTV";
			};
			name = Debug;
		};
		92DC941C1D9F5E6400FE1E80 /* Release */ = {
			isa = XCBuildConfiguration;
			buildSettings = {
				BUNDLE_LOADER = "$(TEST_HOST)";
				INFOPLIST_FILE = DouYuTVTests/Info.plist;
				LD_RUNPATH_SEARCH_PATHS = "$(inherited) @executable_path/Frameworks @loader_path/Frameworks";
				PRODUCT_BUNDLE_IDENTIFIER = cn.egren.DouYuTVTests;
				PRODUCT_NAME = "$(TARGET_NAME)";
				TEST_HOST = "$(BUILT_PRODUCTS_DIR)/DouYuTV.app/DouYuTV";
			};
			name = Release;
		};
		92DC941E1D9F5E6400FE1E80 /* Debug */ = {
			isa = XCBuildConfiguration;
			buildSettings = {
				INFOPLIST_FILE = DouYuTVUITests/Info.plist;
				LD_RUNPATH_SEARCH_PATHS = "$(inherited) @executable_path/Frameworks @loader_path/Frameworks";
				PRODUCT_BUNDLE_IDENTIFIER = cn.egren.DouYuTVUITests;
				PRODUCT_NAME = "$(TARGET_NAME)";
				TEST_TARGET_NAME = DouYuTV;
			};
			name = Debug;
		};
		92DC941F1D9F5E6400FE1E80 /* Release */ = {
			isa = XCBuildConfiguration;
			buildSettings = {
				INFOPLIST_FILE = DouYuTVUITests/Info.plist;
				LD_RUNPATH_SEARCH_PATHS = "$(inherited) @executable_path/Frameworks @loader_path/Frameworks";
				PRODUCT_BUNDLE_IDENTIFIER = cn.egren.DouYuTVUITests;
				PRODUCT_NAME = "$(TARGET_NAME)";
				TEST_TARGET_NAME = DouYuTV;
			};
			name = Release;
		};
/* End XCBuildConfiguration section */

/* Begin XCConfigurationList section */
		92DC93EA1D9F5E6400FE1E80 /* Build configuration list for PBXProject "DouYuTV" */ = {
			isa = XCConfigurationList;
			buildConfigurations = (
				92DC94151D9F5E6400FE1E80 /* Debug */,
				92DC94161D9F5E6400FE1E80 /* Release */,
			);
			defaultConfigurationIsVisible = 0;
			defaultConfigurationName = Release;
		};
		92DC94171D9F5E6400FE1E80 /* Build configuration list for PBXNativeTarget "DouYuTV" */ = {
			isa = XCConfigurationList;
			buildConfigurations = (
				92DC94181D9F5E6400FE1E80 /* Debug */,
				92DC94191D9F5E6400FE1E80 /* Release */,
			);
			defaultConfigurationIsVisible = 0;
		};
		92DC941A1D9F5E6400FE1E80 /* Build configuration list for PBXNativeTarget "DouYuTVTests" */ = {
			isa = XCConfigurationList;
			buildConfigurations = (
				92DC941B1D9F5E6400FE1E80 /* Debug */,
				92DC941C1D9F5E6400FE1E80 /* Release */,
			);
			defaultConfigurationIsVisible = 0;
		};
		92DC941D1D9F5E6400FE1E80 /* Build configuration list for PBXNativeTarget "DouYuTVUITests" */ = {
			isa = XCConfigurationList;
			buildConfigurations = (
				92DC941E1D9F5E6400FE1E80 /* Debug */,
				92DC941F1D9F5E6400FE1E80 /* Release */,
			);
			defaultConfigurationIsVisible = 0;
		};
/* End XCConfigurationList section */
	};
	rootObject = 92DC93E71D9F5E6400FE1E80 /* Project object */;
}
